
Microsoft Visual Studio Solution File, Format Version 12.00
# Visual Studio Version 17
VisualStudioVersion = 17.8.34330.188
MinimumVisualStudioVersion = 10.0.40219.1
Project("{9A19103F-16F7-4668-BE54-9A1E7A4F7556}") = "Exemplo_RabbitMQ_DotNET8", "Exemplo_RabbitMQ_DotNET8\Exemplo_RabbitMQ_DotNET8.csproj", "{918F0C92-D2B4-4E17-B275-E90BE1EA1BEF}"
EndProject
Project("{FAE04EC0-301F-11D3-BF4B-00C04F79EFBC}") = "ConsumoFila", "ConsumoFila\ConsumoFila.csproj", "{13533A0C-0201-4F47-9C09-924C36F041BE}"
EndProject
Global
	GlobalSection(SolutionConfigurationPlatforms) = preSolution
		Debug|Any CPU = Debug|Any CPU
		Release|Any CPU = Release|Any CPU
	EndGlobalSection
	GlobalSection(ProjectConfigurationPlatforms) = postSolution
		{918F0C92-D2B4-4E17-B275-E90BE1EA1BEF}.Debug|Any CPU.ActiveCfg = Debug|Any CPU
		{918F0C92-D2B4-4E17-B275-E90BE1EA1BEF}.Debug|Any CPU.Build.0 = Debug|Any CPU
		{918F0C92-D2B4-4E17-B275-E90BE1EA1BEF}.Release|Any CPU.ActiveCfg = Release|Any CPU
		{918F0C92-D2B4-4E17-B275-E90BE1EA1BEF}.Release|Any CPU.Build.0 = Release|Any CPU
		{13533A0C-0201-4F47-9C09-924C36F041BE}.Debug|Any CPU.ActiveCfg = Debug|Any CPU
		{13533A0C-0201-4F47-9C09-924C36F041BE}.Debug|Any CPU.Build.0 = Debug|Any CPU
		{13533A0C-0201-4F47-9C09-924C36F041BE}.Release|Any CPU.ActiveCfg = Release|Any CPU
		{13533A0C-0201-4F47-9C09-924C36F041BE}.Release|Any CPU.Build.0 = Release|Any CPU
	EndGlobalSection
	GlobalSection(SolutionProperties) = preSolution
		HideSolutionNode = FALSE
	EndGlobalSection
	GlobalSection(ExtensibilityGlobals) = postSolution
		SolutionGuid = {294795EF-BCAC-4CF5-896A-01E04F8B7248}
	EndGlobalSection
EndGlobal
